// !$*UTF8*$!
{
	archiveVersion = 1;
	classes = {
	};
	objectVersion = 46;
	objects = {

/* Begin PBXBuildFile section */
		716FC21C1E7D8CBC0015CCB5 /* AppDelegate.swift in Sources */ = {isa = PBXBuildFile; fileRef = 716FC21B1E7D8CBC0015CCB5 /* AppDelegate.swift */; };
		716FC21E1E7D8CBC0015CCB5 /* ViewController.swift in Sources */ = {isa = PBXBuildFile; fileRef = 716FC21D1E7D8CBC0015CCB5 /* ViewController.swift */; };
		716FC2211E7D8CBC0015CCB5 /* Main.storyboard in Resources */ = {isa = PBXBuildFile; fileRef = 716FC21F1E7D8CBC0015CCB5 /* Main.storyboard */; };
		716FC2231E7D8CBC0015CCB5 /* Assets.xcassets in Resources */ = {isa = PBXBuildFile; fileRef = 716FC2221E7D8CBC0015CCB5 /* Assets.xcassets */; };
		716FC2261E7D8CBC0015CCB5 /* LaunchScreen.storyboard in Resources */ = {isa = PBXBuildFile; fileRef = 716FC2241E7D8CBC0015CCB5 /* LaunchScreen.storyboard */; };
		716FC22F1E7D8F980015CCB5 /* AudioToolbox.framework in Frameworks */ = {isa = PBXBuildFile; fileRef = 716FC22E1E7D8F980015CCB5 /* AudioToolbox.framework */; };
/* End PBXBuildFile section */

/* Begin PBXFileReference section */
		716FC2181E7D8CBC0015CCB5 /* CH10_iOSBackgroundingTone_Swift.app */ = {isa = PBXFileReference; explicitFileType = wrapper.application; includeInIndex = 0; path = CH10_iOSBackgroundingTone_Swift.app; sourceTree = BUILT_PRODUCTS_DIR; };
		716FC21B1E7D8CBC0015CCB5 /* AppDelegate.swift */ = {isa = PBXFileReference; lastKnownFileType = sourcecode.swift; path = AppDelegate.swift; sourceTree = "<group>"; };
		716FC21D1E7D8CBC0015CCB5 /* ViewController.swift */ = {isa = PBXFileReference; lastKnownFileType = sourcecode.swift; path = ViewController.swift; sourceTree = "<group>"; };
		716FC2201E7D8CBC0015CCB5 /* Base */ = {isa = PBXFileReference; lastKnownFileType = file.storyboard; name = Base; path = Base.lproj/Main.storyboard; sourceTree = "<group>"; };
		716FC2221E7D8CBC0015CCB5 /* Assets.xcassets */ = {isa = PBXFileReference; lastKnownFileType = folder.assetcatalog; path = Assets.xcassets; sourceTree = "<group>"; };
		716FC2251E7D8CBC0015CCB5 /* Base */ = {isa = PBXFileReference; lastKnownFileType = file.storyboard; name = Base; path = Base.lproj/LaunchScreen.storyboard; sourceTree = "<group>"; };
		716FC2271E7D8CBC0015CCB5 /* Info.plist */ = {isa = PBXFileReference; lastKnownFileType = text.plist.xml; path = Info.plist; sourceTree = "<group>"; };
		716FC22E1E7D8F980015CCB5 /* AudioToolbox.framework */ = {isa = PBXFileReference; lastKnownFileType = wrapper.framework; name = AudioToolbox.framework; path = System/Library/Frameworks/AudioToolbox.framework; sourceTree = SDKROOT; };
/* End PBXFileReference section */

/* Begin PBXFrameworksBuildPhase section */
		716FC2151E7D8CBC0015CCB5 /* Frameworks */ = {
			isa = PBXFrameworksBuildPhase;
			buildActionMask = 2147483647;
			files = (
				716FC22F1E7D8F980015CCB5 /* AudioToolbox.framework in Frameworks */,
			);
			runOnlyForDeploymentPostprocessing = 0;
		};
/* End PBXFrameworksBuildPhase section */

/* Begin PBXGroup section */
		716FC20F1E7D8CBC0015CCB5 = {
			isa = PBXGroup;
			children = (
				716FC21A1E7D8CBC0015CCB5 /* CH10_iOSBackgroundingTone_Swift */,
				716FC2191E7D8CBC0015CCB5 /* Products */,
				716FC22D1E7D8F980015CCB5 /* Frameworks */,
			);
			sourceTree = "<group>";
		};
		716FC2191E7D8CBC0015CCB5 /* Products */ = {
			isa = PBXGroup;
			children = (
				716FC2181E7D8CBC0015CCB5 /* CH10_iOSBackgroundingTone_Swift.app */,
			);
			name = Products;
			sourceTree = "<group>";
		};
		716FC21A1E7D8CBC0015CCB5 /* CH10_iOSBackgroundingTone_Swift */ = {
			isa = PBXGroup;
			children = (
				716FC21B1E7D8CBC0015CCB5 /* AppDelegate.swift */,
				716FC21D1E7D8CBC0015CCB5 /* ViewController.swift */,
				716FC21F1E7D8CBC0015CCB5 /* Main.storyboard */,
				716FC2221E7D8CBC0015CCB5 /* Assets.xcassets */,
				716FC2241E7D8CBC0015CCB5 /* LaunchScreen.storyboard */,
				716FC2271E7D8CBC0015CCB5 /* Info.plist */,
			);
			path = CH10_iOSBackgroundingTone_Swift;
			sourceTree = "<group>";
		};
		716FC22D1E7D8F980015CCB5 /* Frameworks */ = {
			isa = PBXGroup;
			children = (
				716FC22E1E7D8F980015CCB5 /* AudioToolbox.framework */,
			);
			name = Frameworks;
			sourceTree = "<group>";
		};
/* End PBXGroup section */

/* Begin PBXNativeTarget section */
		716FC2171E7D8CBC0015CCB5 /* CH10_iOSBackgroundingTone_Swift */ = {
			isa = PBXNativeTarget;
			buildConfigurationList = 716FC22A1E7D8CBC0015CCB5 /* Build configuration list for PBXNativeTarget "CH10_iOSBackgroundingTone_Swift" */;
			buildPhases = (
				716FC2141E7D8CBC0015CCB5 /* Sources */,
				716FC2151E7D8CBC0015CCB5 /* Frameworks */,
				716FC2161E7D8CBC0015CCB5 /* Resources */,
			);
			buildRules = (
			);
			dependencies = (
			);
			name = CH10_iOSBackgroundingTone_Swift;
			productName = CH10_iOSBackgroundingTone_Swift;
			productReference = 716FC2181E7D8CBC0015CCB5 /* CH10_iOSBackgroundingTone_Swift.app */;
			productType = "com.apple.product-type.application";
		};
/* End PBXNativeTarget section */

/* Begin PBXProject section */
		716FC2101E7D8CBC0015CCB5 /* Project object */ = {
			isa = PBXProject;
			attributes = {
				LastSwiftUpdateCheck = 0820;
				LastUpgradeCheck = 0820;
				ORGANIZATIONNAME = derekli66;
				TargetAttributes = {
					716FC2171E7D8CBC0015CCB5 = {
						CreatedOnToolsVersion = 8.2.1;
						DevelopmentTeam = 453FTGY3Z2;
						ProvisioningStyle = Automatic;
					};
				};
			};
			buildConfigurationList = 716FC2131E7D8CBC0015CCB5 /* Build configuration list for PBXProject "CH10_iOSBackgroundingTone_Swift" */;
			compatibilityVersion = "Xcode 3.2";
			developmentRegion = English;
			hasScannedForEncodings = 0;
			knownRegions = (
				en,
				Base,
			);
			mainGroup = 716FC20F1E7D8CBC0015CCB5;
			productRefGroup = 716FC2191E7D8CBC0015CCB5 /* Products */;
			projectDirPath = "";
			projectRoot = "";
			targets = (
				716FC2171E7D8CBC0015CCB5 /* CH10_iOSBackgroundingTone_Swift */,
			);
		};
/* End PBXProject section */

/* Begin PBXResourcesBuildPhase section */
		716FC2161E7D8CBC0015CCB5 /* Resources */ = {
			isa = PBXResourcesBuildPhase;
			buildActionMask = 2147483647;
			files = (
				716FC2261E7D8CBC0015CCB5 /* LaunchScreen.storyboard in Resources */,
				716FC2231E7D8CBC0015CCB5 /* Assets.xcassets in Resources */,
				716FC2211E7D8CBC0015CCB5 /* Main.storyboard in Resources */,
			);
			runOnlyForDeploymentPostprocessing = 0;
		};
/* End PBXResourcesBuildPhase section */

/* Begin PBXSourcesBuildPhase section */
		716FC2141E7D8CBC0015CCB5 /* Sources */ = {
			isa = PBXSourcesBuildPhase;
			buildActionMask = 2147483647;
			files = (
				716FC21E1E7D8CBC0015CCB5 /* ViewController.swift in Sources */,
				716FC21C1E7D8CBC0015CCB5 /* AppDelegate.swift in Sources */,
			);
			runOnlyForDeploymentPostprocessing = 0;
		};
/* End PBXSourcesBuildPhase section */

/* Begin PBXVariantGroup section */
		716FC21F1E7D8CBC0015CCB5 /* Main.storyboard */ = {
			isa = PBXVariantGroup;
			children = (
				716FC2201E7D8CBC0015CCB5 /* Base */,
			);
			name = Main.storyboard;
			sourceTree = "<group>";
		};
		716FC2241E7D8CBC0015CCB5 /* LaunchScreen.storyboard */ = {
			isa = PBXVariantGroup;
			children = (
				716FC2251E7D8CBC0015CCB5 /* Base */,
			);
			name = LaunchScreen.storyboard;
			sourceTree = "<group>";
		};
/* End PBXVariantGroup section */

/* Begin XCBuildConfiguration section */
		716FC2281E7D8CBC0015CCB5 /* Debug */ = {
			isa = XCBuildConfiguration;
			buildSettings = {
				ALWAYS_SEARCH_USER_PATHS = NO;
				CLANG_ANALYZER_NONNULL = YES;
				CLANG_CXX_LANGUAGE_STANDARD = "gnu++0x";
				CLANG_CXX_LIBRARY = "libc++";
				CLANG_ENABLE_MODULES = YES;
				CLANG_ENABLE_OBJC_ARC = YES;
				CLANG_WARN_BOOL_CONVERSION = YES;
				CLANG_WARN_CONSTANT_CONVERSION = YES;
				CLANG_WARN_DIRECT_OBJC_ISA_USAGE = YES_ERROR;
				CLANG_WARN_DOCUMENTATION_COMMENTS = YES;
				CLANG_WARN_EMPTY_BODY = YES;
				CLANG_WARN_ENUM_CONVERSION = YES;
				CLANG_WARN_INFINITE_RECURSION = YES;
				CLANG_WARN_INT_CONVERSION = YES;
				CLANG_WARN_OBJC_ROOT_CLASS = YES_ERROR;
				CLANG_WARN_SUSPICIOUS_MOVE = YES;
				CLANG_WARN_UNREACHABLE_CODE = YES;
				CLANG_WARN__DUPLICATE_METHOD_MATCH = YES;
				"CODE_SIGN_IDENTITY[sdk=iphoneos*]" = "iPhone Developer";
				COPY_PHASE_STRIP = NO;
				DEBUG_INFORMATION_FORMAT = dwarf;
				ENABLE_STRICT_OBJC_MSGSEND = YES;
				ENABLE_TESTABILITY = YES;
				GCC_C_LANGUAGE_STANDARD = gnu99;
				GCC_DYNAMIC_NO_PIC = NO;
				GCC_NO_COMMON_BLOCKS = YES;
				GCC_OPTIMIZATION_LEVEL = 0;
				GCC_PREPROCESSOR_DEFINITIONS = (
					"DEBUG=1",
					"$(inherited)",
				);
				GCC_WARN_64_TO_32_BIT_CONVERSION = YES;
				GCC_WARN_ABOUT_RETURN_TYPE = YES_ERROR;
				GCC_WARN_UNDECLARED_SELECTOR = YES;
				GCC_WARN_UNINITIALIZED_AUTOS = YES_AGGRESSIVE;
				GCC_WARN_UNUSED_FUNCTION = YES;
				GCC_WARN_UNUSED_VARIABLE = YES;
				IPHONEOS_DEPLOYMENT_TARGET = 10.2;
				MTL_ENABLE_DEBUG_INFO = YES;
				ONLY_ACTIVE_ARCH = YES;
				SDKROOT = iphoneos;
				SWIFT_ACTIVE_COMPILATION_CONDITIONS = DEBUG;
				SWIFT_OPTIMIZATION_LEVEL = "-Onone";
			};
			name = Debug;
		};
		716FC2291E7D8CBC0015CCB5 /* Release */ = {
			isa = XCBuildConfiguration;
			buildSettings = {
				ALWAYS_SEARCH_USER_PATHS = NO;
				CLANG_ANALYZER_NONNULL = YES;
				CLANG_CXX_LANGUAGE_STANDARD = "gnu++0x";
				CLANG_CXX_LIBRARY = "libc++";
				CLANG_ENABLE_MODULES = YES;
				CLANG_ENABLE_OBJC_ARC = YES;
				CLANG_WARN_BOOL_CONVERSION = YES;
				CLANG_WARN_CONSTANT_CONVERSION = YES;
				CLANG_WARN_DIRECT_OBJC_ISA_USAGE = YES_ERROR;
				CLANG_WARN_DOCUMENTATION_COMMENTS = YES;
				CLANG_WARN_EMPTY_BODY = YES;
				CLANG_WARN_ENUM_CONVERSION = YES;
				CLANG_WARN_INFINITE_RECURSION = YES;
				CLANG_WARN_INT_CONVERSION = YES;
				CLANG_WARN_OBJC_ROOT_CLASS = YES_ERROR;
				CLANG_WARN_SUSPICIOUS_MOVE = YES;
				CLANG_WARN_UNREACHABLE_CODE = YES;
				CLANG_WARN__DUPLICATE_METHOD_MATCH = YES;
				"CODE_SIGN_IDENTITY[sdk=iphoneos*]" = "iPhone Developer";
				COPY_PHASE_STRIP = NO;
				DEBUG_INFORMATION_FORMAT = "dwarf-with-dsym";
				ENABLE_NS_ASSERTIONS = NO;
				ENABLE_STRICT_OBJC_MSGSEND = YES;
				GCC_C_LANGUAGE_STANDARD = gnu99;
				GCC_NO_COMMON_BLOCKS = YES;
				GCC_WARN_64_TO_32_BIT_CONVERSION = YES;
				GCC_WARN_ABOUT_RETURN_TYPE = YES_ERROR;
				GCC_WARN_UNDECLARED_SELECTOR = YES;
				GCC_WARN_UNINITIALIZED_AUTOS = YES_AGGRESSIVE;
				GCC_WARN_UNUSED_FUNCTION = YES;
				GCC_WARN_UNUSED_VARIABLE = YES;
				IPHONEOS_DEPLOYMENT_TARGET = 10.2;
				MTL_ENABLE_DEBUG_INFO = NO;
				SDKROOT = iphoneos;
				SWIFT_OPTIMIZATION_LEVEL = "-Owholemodule";
				VALIDATE_PRODUCT = YES;
			};
			name = Release;
		};
		716FC22B1E7D8CBC0015CCB5 /* Debug */ = {
			isa = XCBuildConfiguration;
			buildSettings = {
				ASSETCATALOG_COMPILER_APPICON_NAME = AppIcon;
				DEVELOPMENT_TEAM = 453FTGY3Z2;
				INFOPLIST_FILE = CH10_iOSBackgroundingTone_Swift/Info.plist;
				LD_RUNPATH_SEARCH_PATHS = "$(inherited) @executable_path/Frameworks";
				PRODUCT_BUNDLE_IDENTIFIER = "com.derekli66.CH10-iOSBackgroundingTone-Swift";
				PRODUCT_NAME = "$(TARGET_NAME)";
				SWIFT_VERSION = 3.0;
			};
			name = Debug;
		};
		716FC22C1E7D8CBC0015CCB5 /* Release */ = {
			isa = XCBuildConfiguration;
			buildSettings = {
				ASSETCATALOG_COMPILER_APPICON_NAME = AppIcon;
				DEVELOPMENT_TEAM = 453FTGY3Z2;
				INFOPLIST_FILE = CH10_iOSBackgroundingTone_Swift/Info.plist;
				LD_RUNPATH_SEARCH_PATHS = "$(inherited) @executable_path/Frameworks";
				PRODUCT_BUNDLE_IDENTIFIER = "com.derekli66.CH10-iOSBackgroundingTone-Swift";
				PRODUCT_NAME = "$(TARGET_NAME)";
				SWIFT_VERSION = 3.0;
			};
			name = Release;
		};
/* End XCBuildConfiguration section */

/* Begin XCConfigurationList section */
		716FC2131E7D8CBC0015CCB5 /* Build configuration list for PBXProject "CH10_iOSBackgroundingTone_Swift" */ = {
			isa = XCConfigurationList;
			buildConfigurations = (
				716FC2281E7D8CBC0015CCB5 /* Debug */,
				716FC2291E7D8CBC0015CCB5 /* Release */,
			);
			defaultConfigurationIsVisible = 0;
			defaultConfigurationName = Release;
		};
		716FC22A1E7D8CBC0015CCB5 /* Build configuration list for PBXNativeTarget "CH10_iOSBackgroundingTone_Swift" */ = {
			isa = XCConfigurationList;
			buildConfigurations = (
				716FC22B1E7D8CBC0015CCB5 /* Debug */,
				716FC22C1E7D8CBC0015CCB5 /* Release */,
			);
			defaultConfigurationIsVisible = 0;
		};
/* End XCConfigurationList section */
	};
	rootObject = 716FC2101E7D8CBC0015CCB5 /* Project object */;
}
