// !$*UTF8*$!
{
	archiveVersion = 1;
	classes = {
	};
	objectVersion = 46;
	objects = {

/* Begin PBXBuildFile section */
		719518F61F016F640079FBF9 /* main.swift in Sources */ = {isa = PBXBuildFile; fileRef = 719518F51F016F640079FBF9 /* main.swift */; };
		719518FD1F016F980079FBF9 /* OSStatus_ErrorCheck.swift in Sources */ = {isa = PBXBuildFile; fileRef = 719518FC1F016F980079FBF9 /* OSStatus_ErrorCheck.swift */; };
		719519001F01702B0079FBF9 /* AudioToolbox.framework in Frameworks */ = {isa = PBXBuildFile; fileRef = 719518FF1F01702B0079FBF9 /* AudioToolbox.framework */; };
/* End PBXBuildFile section */

/* Begin PBXCopyFilesBuildPhase section */
		719518F01F016F640079FBF9 /* CopyFiles */ = {
			isa = PBXCopyFilesBuildPhase;
			buildActionMask = 2147483647;
			dstPath = /usr/share/man/man1/;
			dstSubfolderSpec = 0;
			files = (
			);
			runOnlyForDeploymentPostprocessing = 1;
		};
/* End PBXCopyFilesBuildPhase section */

/* Begin PBXFileReference section */
		719518F21F016F640079FBF9 /* CH05_Player-Swift */ = {isa = PBXFileReference; explicitFileType = "compiled.mach-o.executable"; includeInIndex = 0; path = "CH05_Player-Swift"; sourceTree = BUILT_PRODUCTS_DIR; };
		719518F51F016F640079FBF9 /* main.swift */ = {isa = PBXFileReference; lastKnownFileType = sourcecode.swift; path = main.swift; sourceTree = "<group>"; };
		719518FC1F016F980079FBF9 /* OSStatus_ErrorCheck.swift */ = {isa = PBXFileReference; fileEncoding = 4; lastKnownFileType = sourcecode.swift; path = OSStatus_ErrorCheck.swift; sourceTree = "<group>"; };
		719518FF1F01702B0079FBF9 /* AudioToolbox.framework */ = {isa = PBXFileReference; lastKnownFileType = wrapper.framework; name = AudioToolbox.framework; path = System/Library/Frameworks/AudioToolbox.framework; sourceTree = SDKROOT; };
/* End PBXFileReference section */

/* Begin PBXFrameworksBuildPhase section */
		719518EF1F016F640079FBF9 /* Frameworks */ = {
			isa = PBXFrameworksBuildPhase;
			buildActionMask = 2147483647;
			files = (
				719519001F01702B0079FBF9 /* AudioToolbox.framework in Frameworks */,
			);
			runOnlyForDeploymentPostprocessing = 0;
		};
/* End PBXFrameworksBuildPhase section */

/* Begin PBXGroup section */
		719518E91F016F640079FBF9 = {
			isa = PBXGroup;
			children = (
				719518F41F016F640079FBF9 /* CH05_Player-Swift */,
				719518F31F016F640079FBF9 /* Products */,
				719518FE1F01702B0079FBF9 /* Frameworks */,
			);
			sourceTree = "<group>";
		};
		719518F31F016F640079FBF9 /* Products */ = {
			isa = PBXGroup;
			children = (
				719518F21F016F640079FBF9 /* CH05_Player-Swift */,
			);
			name = Products;
			sourceTree = "<group>";
		};
		719518F41F016F640079FBF9 /* CH05_Player-Swift */ = {
			isa = PBXGroup;
			children = (
				719518FC1F016F980079FBF9 /* OSStatus_ErrorCheck.swift */,
				719518F51F016F640079FBF9 /* main.swift */,
			);
			path = "CH05_Player-Swift";
			sourceTree = "<group>";
		};
		719518FE1F01702B0079FBF9 /* Frameworks */ = {
			isa = PBXGroup;
			children = (
				719518FF1F01702B0079FBF9 /* AudioToolbox.framework */,
			);
			name = Frameworks;
			sourceTree = "<group>";
		};
/* End PBXGroup section */

/* Begin PBXNativeTarget section */
		719518F11F016F640079FBF9 /* CH05_Player-Swift */ = {
			isa = PBXNativeTarget;
			buildConfigurationList = 719518F91F016F640079FBF9 /* Build configuration list for PBXNativeTarget "CH05_Player-Swift" */;
			buildPhases = (
				719518EE1F016F640079FBF9 /* Sources */,
				719518EF1F016F640079FBF9 /* Frameworks */,
				719518F01F016F640079FBF9 /* CopyFiles */,
			);
			buildRules = (
			);
			dependencies = (
			);
			name = "CH05_Player-Swift";
			productName = "CH05_Player-Swift";
			productReference = 719518F21F016F640079FBF9 /* CH05_Player-Swift */;
			productType = "com.apple.product-type.tool";
		};
/* End PBXNativeTarget section */

/* Begin PBXProject section */
		719518EA1F016F640079FBF9 /* Project object */ = {
			isa = PBXProject;
			attributes = {
				LastSwiftUpdateCheck = 0830;
				LastUpgradeCheck = 0830;
				ORGANIZATIONNAME = derekli66;
				TargetAttributes = {
					719518F11F016F640079FBF9 = {
						CreatedOnToolsVersion = 8.3.2;
						DevelopmentTeam = SKLFZ4533Y;
						ProvisioningStyle = Automatic;
					};
				};
			};
			buildConfigurationList = 719518ED1F016F640079FBF9 /* Build configuration list for PBXProject "CH05_Player-Swift" */;
			compatibilityVersion = "Xcode 3.2";
			developmentRegion = English;
			hasScannedForEncodings = 0;
			knownRegions = (
				English,
				en,
			);
			mainGroup = 719518E91F016F640079FBF9;
			productRefGroup = 719518F31F016F640079FBF9 /* Products */;
			projectDirPath = "";
			projectRoot = "";
			targets = (
				719518F11F016F640079FBF9 /* CH05_Player-Swift */,
			);
		};
/* End PBXProject section */

/* Begin PBXSourcesBuildPhase section */
		719518EE1F016F640079FBF9 /* Sources */ = {
			isa = PBXSourcesBuildPhase;
			buildActionMask = 2147483647;
			files = (
				719518F61F016F640079FBF9 /* main.swift in Sources */,
				719518FD1F016F980079FBF9 /* OSStatus_ErrorCheck.swift in Sources */,
			);
			runOnlyForDeploymentPostprocessing = 0;
		};
/* End PBXSourcesBuildPhase section */

/* Begin XCBuildConfiguration section */
		719518F71F016F640079FBF9 /* Debug */ = {
			isa = XCBuildConfiguration;
			buildSettings = {
				ALWAYS_SEARCH_USER_PATHS = NO;
				CLANG_ANALYZER_NONNULL = YES;
				CLANG_ANALYZER_NUMBER_OBJECT_CONVERSION = YES_AGGRESSIVE;
				CLANG_CXX_LANGUAGE_STANDARD = "gnu++0x";
				CLANG_CXX_LIBRARY = "libc++";
				CLANG_ENABLE_MODULES = YES;
				CLANG_ENABLE_OBJC_ARC = YES;
				CLANG_WARN_BOOL_CONVERSION = YES;
				CLANG_WARN_CONSTANT_CONVERSION = YES;
				CLANG_WARN_DIRECT_OBJC_ISA_USAGE = YES_ERROR;
				CLANG_WARN_DOCUMENTATION_COMMENTS = YES;
				CLANG_WARN_EMPTY_BODY = YES;
				CLANG_WARN_ENUM_CONVERSION = YES;
				CLANG_WARN_INFINITE_RECURSION = YES;
				CLANG_WARN_INT_CONVERSION = YES;
				CLANG_WARN_OBJC_ROOT_CLASS = YES_ERROR;
				CLANG_WARN_SUSPICIOUS_MOVE = YES;
				CLANG_WARN_UNREACHABLE_CODE = YES;
				CLANG_WARN__DUPLICATE_METHOD_MATCH = YES;
				CODE_SIGN_IDENTITY = "-";
				COPY_PHASE_STRIP = NO;
				DEBUG_INFORMATION_FORMAT = dwarf;
				ENABLE_STRICT_OBJC_MSGSEND = YES;
				ENABLE_TESTABILITY = YES;
				GCC_C_LANGUAGE_STANDARD = gnu99;
				GCC_DYNAMIC_NO_PIC = NO;
				GCC_NO_COMMON_BLOCKS = YES;
				GCC_OPTIMIZATION_LEVEL = 0;
				GCC_PREPROCESSOR_DEFINITIONS = (
					"DEBUG=1",
					"$(inherited)",
				);
				GCC_WARN_64_TO_32_BIT_CONVERSION = YES;
				GCC_WARN_ABOUT_RETURN_TYPE = YES_ERROR;
				GCC_WARN_UNDECLARED_SELECTOR = YES;
				GCC_WARN_UNINITIALIZED_AUTOS = YES_AGGRESSIVE;
				GCC_WARN_UNUSED_FUNCTION = YES;
				GCC_WARN_UNUSED_VARIABLE = YES;
				MACOSX_DEPLOYMENT_TARGET = 10.12;
				MTL_ENABLE_DEBUG_INFO = YES;
				ONLY_ACTIVE_ARCH = YES;
				SDKROOT = macosx;
				SWIFT_OPTIMIZATION_LEVEL = "-Onone";
			};
			name = Debug;
		};
		719518F81F016F640079FBF9 /* Release */ = {
			isa = XCBuildConfiguration;
			buildSettings = {
				ALWAYS_SEARCH_USER_PATHS = NO;
				CLANG_ANALYZER_NONNULL = YES;
				CLANG_ANALYZER_NUMBER_OBJECT_CONVERSION = YES_AGGRESSIVE;
				CLANG_CXX_LANGUAGE_STANDARD = "gnu++0x";
				CLANG_CXX_LIBRARY = "libc++";
				CLANG_ENABLE_MODULES = YES;
				CLANG_ENABLE_OBJC_ARC = YES;
				CLANG_WARN_BOOL_CONVERSION = YES;
				CLANG_WARN_CONSTANT_CONVERSION = YES;
				CLANG_WARN_DIRECT_OBJC_ISA_USAGE = YES_ERROR;
				CLANG_WARN_DOCUMENTATION_COMMENTS = YES;
				CLANG_WARN_EMPTY_BODY = YES;
				CLANG_WARN_ENUM_CONVERSION = YES;
				CLANG_WARN_INFINITE_RECURSION = YES;
				CLANG_WARN_INT_CONVERSION = YES;
				CLANG_WARN_OBJC_ROOT_CLASS = YES_ERROR;
				CLANG_WARN_SUSPICIOUS_MOVE = YES;
				CLANG_WARN_UNREACHABLE_CODE = YES;
				CLANG_WARN__DUPLICATE_METHOD_MATCH = YES;
				CODE_SIGN_IDENTITY = "-";
				COPY_PHASE_STRIP = NO;
				DEBUG_INFORMATION_FORMAT = "dwarf-with-dsym";
				ENABLE_NS_ASSERTIONS = NO;
				ENABLE_STRICT_OBJC_MSGSEND = YES;
				GCC_C_LANGUAGE_STANDARD = gnu99;
				GCC_NO_COMMON_BLOCKS = YES;
				GCC_WARN_64_TO_32_BIT_CONVERSION = YES;
				GCC_WARN_ABOUT_RETURN_TYPE = YES_ERROR;
				GCC_WARN_UNDECLARED_SELECTOR = YES;
				GCC_WARN_UNINITIALIZED_AUTOS = YES_AGGRESSIVE;
				GCC_WARN_UNUSED_FUNCTION = YES;
				GCC_WARN_UNUSED_VARIABLE = YES;
				MACOSX_DEPLOYMENT_TARGET = 10.12;
				MTL_ENABLE_DEBUG_INFO = NO;
				SDKROOT = macosx;
			};
			name = Release;
		};
		719518FA1F016F640079FBF9 /* Debug */ = {
			isa = XCBuildConfiguration;
			buildSettings = {
				DEVELOPMENT_TEAM = SKLFZ4533Y;
				PRODUCT_NAME = "$(TARGET_NAME)";
				SWIFT_VERSION = 5.0;
			};
			name = Debug;
		};
		719518FB1F016F640079FBF9 /* Release */ = {
			isa = XCBuildConfiguration;
			buildSettings = {
				DEVELOPMENT_TEAM = SKLFZ4533Y;
				PRODUCT_NAME = "$(TARGET_NAME)";
				SWIFT_VERSION = 5.0;
			};
			name = Release;
		};
/* End XCBuildConfiguration section */

/* Begin XCConfigurationList section */
		719518ED1F016F640079FBF9 /* Build configuration list for PBXProject "CH05_Player-Swift" */ = {
			isa = XCConfigurationList;
			buildConfigurations = (
				719518F71F016F640079FBF9 /* Debug */,
				719518F81F016F640079FBF9 /* Release */,
			);
			defaultConfigurationIsVisible = 0;
			defaultConfigurationName = Release;
		};
		719518F91F016F640079FBF9 /* Build configuration list for PBXNativeTarget "CH05_Player-Swift" */ = {
			isa = XCConfigurationList;
			buildConfigurations = (
				719518FA1F016F640079FBF9 /* Debug */,
				719518FB1F016F640079FBF9 /* Release */,
			);
			defaultConfigurationIsVisible = 0;
			defaultConfigurationName = Release;
		};
/* End XCConfigurationList section */
	};
	rootObject = 719518EA1F016F640079FBF9 /* Project object */;
}
